
Microsoft Visual Studio Solution File, Format Version 12.00
# Visual Studio Version 16
VisualStudioVersion = 16.0.29215.179
MinimumVisualStudioVersion = 10.0.40219.1
Project("{9A19103F-16F7-4668-BE54-9A1E7A4F7556}") = "AzureAuthorizationFunctionApp", "AzureAuthorizationFunctionApp.csproj", "{AAA61E7A-DB66-4A4E-954B-95550BA1396C}"
EndProject
Global
	GlobalSection(SolutionConfigurationPlatforms) = preSolution
		Debug|Any CPU = Debug|Any CPU
		Release|Any CPU = Release|Any CPU
	EndGlobalSection
	GlobalSection(ProjectConfigurationPlatforms) = postSolution
		{AAA61E7A-DB66-4A4E-954B-95550BA1396C}.Debug|Any CPU.ActiveCfg = Debug|Any CPU
		{AAA61E7A-DB66-4A4E-954B-95550BA1396C}.Debug|Any CPU.Build.0 = Debug|Any CPU
		{AAA61E7A-DB66-4A4E-954B-95550BA1396C}.Release|Any CPU.ActiveCfg = Release|Any CPU
		{AAA61E7A-DB66-4A4E-954B-95550BA1396C}.Release|Any CPU.Build.0 = Release|Any CPU
		{8A3A9031-541D-4726-8B6A-9A6322ADDED4}.Debug|Any CPU.ActiveCfg = Debug|Any CPU
		{8A3A9031-541D-4726-8B6A-9A6322ADDED4}.Debug|Any CPU.Build.0 = Debug|Any CPU
		{8A3A9031-541D-4726-8B6A-9A6322ADDED4}.Release|Any CPU.ActiveCfg = Release|Any CPU
		{8A3A9031-541D-4726-8B6A-9A6322ADDED4}.Release|Any CPU.Build.0 = Release|Any CPU
	EndGlobalSection
	GlobalSection(SolutionProperties) = preSolution
		HideSolutionNode = FALSE
	EndGlobalSection
	GlobalSection(ExtensibilityGlobals) = postSolution
		SolutionGuid = {7FC0CC2A-78A8-4746-B512-28513770D096}
	EndGlobalSection
EndGlobal
